// !$*UTF8*$!
{
	archiveVersion = 1;
	classes = {
	};
	objectVersion = 48;
	objects = {

/* Begin PBXBuildFile section */
		D24D93E21FE127DD00CAEB75 /* rating_yellow@2x.png in Resources */ = {isa = PBXBuildFile; fileRef = D24D93E01FE127DD00CAEB75 /* rating_yellow@2x.png */; };
		D24D93E31FE127DD00CAEB75 /* rating_gray@2x.png in Resources */ = {isa = PBXBuildFile; fileRef = D24D93E11FE127DD00CAEB75 /* rating_gray@2x.png */; };
		D2A780891FB59C1600BE7CE9 /* AppDelegate.m in Sources */ = {isa = PBXBuildFile; fileRef = D2A780881FB59C1600BE7CE9 /* AppDelegate.m */; };
		D2A7808C1FB59C1600BE7CE9 /* ViewController.m in Sources */ = {isa = PBXBuildFile; fileRef = D2A7808B1FB59C1600BE7CE9 /* ViewController.m */; };
		D2A780911FB59C1600BE7CE9 /* Assets.xcassets in Resources */ = {isa = PBXBuildFile; fileRef = D2A780901FB59C1600BE7CE9 /* Assets.xcassets */; };
		D2A780971FB59C1600BE7CE9 /* main.m in Sources */ = {isa = PBXBuildFile; fileRef = D2A780961FB59C1600BE7CE9 /* main.m */; };
		D2A780A11FB59C1700BE7CE9 /* HJRatingViewDemoTests.m in Sources */ = {isa = PBXBuildFile; fileRef = D2A780A01FB59C1700BE7CE9 /* HJRatingViewDemoTests.m */; };
		D2A780AC1FB59C1700BE7CE9 /* HJRatingViewDemoUITests.m in Sources */ = {isa = PBXBuildFile; fileRef = D2A780AB1FB59C1700BE7CE9 /* HJRatingViewDemoUITests.m */; };
		D2A780BC1FB59C7200BE7CE9 /* HJRatingView.m in Sources */ = {isa = PBXBuildFile; fileRef = D2A780BB1FB59C7200BE7CE9 /* HJRatingView.m */; };
/* End PBXBuildFile section */

/* Begin PBXContainerItemProxy section */
		D2A7809D1FB59C1700BE7CE9 /* PBXContainerItemProxy */ = {
			isa = PBXContainerItemProxy;
			containerPortal = D2A7807C1FB59C1600BE7CE9 /* Project object */;
			proxyType = 1;
			remoteGlobalIDString = D2A780831FB59C1600BE7CE9;
			remoteInfo = HJRatingViewDemo;
		};
		D2A780A81FB59C1700BE7CE9 /* PBXContainerItemProxy */ = {
			isa = PBXContainerItemProxy;
			containerPortal = D2A7807C1FB59C1600BE7CE9 /* Project object */;
			proxyType = 1;
			remoteGlobalIDString = D2A780831FB59C1600BE7CE9;
			remoteInfo = HJRatingViewDemo;
		};
/* End PBXContainerItemProxy section */

/* Begin PBXFileReference section */
		D24D93E01FE127DD00CAEB75 /* rating_yellow@2x.png */ = {isa = PBXFileReference; lastKnownFileType = image.png; path = "rating_yellow@2x.png"; sourceTree = "<group>"; };
		D24D93E11FE127DD00CAEB75 /* rating_gray@2x.png */ = {isa = PBXFileReference; lastKnownFileType = image.png; path = "rating_gray@2x.png"; sourceTree = "<group>"; };
		D2A780841FB59C1600BE7CE9 /* HJRatingViewDemo.app */ = {isa = PBXFileReference; explicitFileType = wrapper.application; includeInIndex = 0; path = HJRatingViewDemo.app; sourceTree = BUILT_PRODUCTS_DIR; };
		D2A780871FB59C1600BE7CE9 /* AppDelegate.h */ = {isa = PBXFileReference; lastKnownFileType = sourcecode.c.h; path = AppDelegate.h; sourceTree = "<group>"; };
		D2A780881FB59C1600BE7CE9 /* AppDelegate.m */ = {isa = PBXFileReference; lastKnownFileType = sourcecode.c.objc; path = AppDelegate.m; sourceTree = "<group>"; };
		D2A7808A1FB59C1600BE7CE9 /* ViewController.h */ = {isa = PBXFileReference; lastKnownFileType = sourcecode.c.h; path = ViewController.h; sourceTree = "<group>"; };
		D2A7808B1FB59C1600BE7CE9 /* ViewController.m */ = {isa = PBXFileReference; lastKnownFileType = sourcecode.c.objc; path = ViewController.m; sourceTree = "<group>"; };
		D2A780901FB59C1600BE7CE9 /* Assets.xcassets */ = {isa = PBXFileReference; lastKnownFileType = folder.assetcatalog; path = Assets.xcassets; sourceTree = "<group>"; };
		D2A780951FB59C1600BE7CE9 /* Info.plist */ = {isa = PBXFileReference; lastKnownFileType = text.plist.xml; path = Info.plist; sourceTree = "<group>"; };
		D2A780961FB59C1600BE7CE9 /* main.m */ = {isa = PBXFileReference; lastKnownFileType = sourcecode.c.objc; path = main.m; sourceTree = "<group>"; };
		D2A7809C1FB59C1700BE7CE9 /* HJRatingViewDemoTests.xctest */ = {isa = PBXFileReference; explicitFileType = wrapper.cfbundle; includeInIndex = 0; path = HJRatingViewDemoTests.xctest; sourceTree = BUILT_PRODUCTS_DIR; };
		D2A780A01FB59C1700BE7CE9 /* HJRatingViewDemoTests.m */ = {isa = PBXFileReference; lastKnownFileType = sourcecode.c.objc; path = HJRatingViewDemoTests.m; sourceTree = "<group>"; };
		D2A780A21FB59C1700BE7CE9 /* Info.plist */ = {isa = PBXFileReference; lastKnownFileType = text.plist.xml; path = Info.plist; sourceTree = "<group>"; };
		D2A780A71FB59C1700BE7CE9 /* HJRatingViewDemoUITests.xctest */ = {isa = PBXFileReference; explicitFileType = wrapper.cfbundle; includeInIndex = 0; path = HJRatingViewDemoUITests.xctest; sourceTree = BUILT_PRODUCTS_DIR; };
		D2A780AB1FB59C1700BE7CE9 /* HJRatingViewDemoUITests.m */ = {isa = PBXFileReference; lastKnownFileType = sourcecode.c.objc; path = HJRatingViewDemoUITests.m; sourceTree = "<group>"; };
		D2A780AD1FB59C1700BE7CE9 /* Info.plist */ = {isa = PBXFileReference; lastKnownFileType = text.plist.xml; path = Info.plist; sourceTree = "<group>"; };
		D2A780BA1FB59C7200BE7CE9 /* HJRatingView.h */ = {isa = PBXFileReference; lastKnownFileType = sourcecode.c.h; path = HJRatingView.h; sourceTree = "<group>"; };
		D2A780BB1FB59C7200BE7CE9 /* HJRatingView.m */ = {isa = PBXFileReference; lastKnownFileType = sourcecode.c.objc; path = HJRatingView.m; sourceTree = "<group>"; };
/* End PBXFileReference section */

/* Begin PBXFrameworksBuildPhase section */
		D2A780811FB59C1600BE7CE9 /* Frameworks */ = {
			isa = PBXFrameworksBuildPhase;
			buildActionMask = 2147483647;
			files = (
			);
			runOnlyForDeploymentPostprocessing = 0;
		};
		D2A780991FB59C1700BE7CE9 /* Frameworks */ = {
			isa = PBXFrameworksBuildPhase;
			buildActionMask = 2147483647;
			files = (
			);
			runOnlyForDeploymentPostprocessing = 0;
		};
		D2A780A41FB59C1700BE7CE9 /* Frameworks */ = {
			isa = PBXFrameworksBuildPhase;
			buildActionMask = 2147483647;
			files = (
			);
			runOnlyForDeploymentPostprocessing = 0;
		};
/* End PBXFrameworksBuildPhase section */

/* Begin PBXGroup section */
		D2A7807B1FB59C1600BE7CE9 = {
			isa = PBXGroup;
			children = (
				D2A780861FB59C1600BE7CE9 /* HJRatingViewDemo */,
				D2A7809F1FB59C1700BE7CE9 /* HJRatingViewDemoTests */,
				D2A780AA1FB59C1700BE7CE9 /* HJRatingViewDemoUITests */,
				D2A780851FB59C1600BE7CE9 /* Products */,
			);
			sourceTree = "<group>";
		};
		D2A780851FB59C1600BE7CE9 /* Products */ = {
			isa = PBXGroup;
			children = (
				D2A780841FB59C1600BE7CE9 /* HJRatingViewDemo.app */,
				D2A7809C1FB59C1700BE7CE9 /* HJRatingViewDemoTests.xctest */,
				D2A780A71FB59C1700BE7CE9 /* HJRatingViewDemoUITests.xctest */,
			);
			name = Products;
			sourceTree = "<group>";
		};
		D2A780861FB59C1600BE7CE9 /* HJRatingViewDemo */ = {
			isa = PBXGroup;
			children = (
				D2A780B91FB59C3300BE7CE9 /* RatingView */,
				D2A780871FB59C1600BE7CE9 /* AppDelegate.h */,
				D2A780881FB59C1600BE7CE9 /* AppDelegate.m */,
				D2A7808A1FB59C1600BE7CE9 /* ViewController.h */,
				D2A7808B1FB59C1600BE7CE9 /* ViewController.m */,
				D2A780901FB59C1600BE7CE9 /* Assets.xcassets */,
				D2A780BE1FB5A88500BE7CE9 /* RatingImages */,
				D2A780951FB59C1600BE7CE9 /* Info.plist */,
				D2A780961FB59C1600BE7CE9 /* main.m */,
			);
			path = HJRatingViewDemo;
			sourceTree = "<group>";
		};
		D2A7809F1FB59C1700BE7CE9 /* HJRatingViewDemoTests */ = {
			isa = PBXGroup;
			children = (
				D2A780A01FB59C1700BE7CE9 /* HJRatingViewDemoTests.m */,
				D2A780A21FB59C1700BE7CE9 /* Info.plist */,
			);
			path = HJRatingViewDemoTests;
			sourceTree = "<group>";
		};
		D2A780AA1FB59C1700BE7CE9 /* HJRatingViewDemoUITests */ = {
			isa = PBXGroup;
			children = (
				D2A780AB1FB59C1700BE7CE9 /* HJRatingViewDemoUITests.m */,
				D2A780AD1FB59C1700BE7CE9 /* Info.plist */,
			);
			path = HJRatingViewDemoUITests;
			sourceTree = "<group>";
		};
		D2A780B91FB59C3300BE7CE9 /* RatingView */ = {
			isa = PBXGroup;
			children = (
				D2A780BA1FB59C7200BE7CE9 /* HJRatingView.h */,
				D2A780BB1FB59C7200BE7CE9 /* HJRatingView.m */,
			);
			path = RatingView;
			sourceTree = "<group>";
		};
		D2A780BE1FB5A88500BE7CE9 /* RatingImages */ = {
			isa = PBXGroup;
			children = (
				D24D93E11FE127DD00CAEB75 /* rating_gray@2x.png */,
				D24D93E01FE127DD00CAEB75 /* rating_yellow@2x.png */,
			);
			path = RatingImages;
			sourceTree = "<group>";
		};
/* End PBXGroup section */

/* Begin PBXNativeTarget section */
		D2A780831FB59C1600BE7CE9 /* HJRatingViewDemo */ = {
			isa = PBXNativeTarget;
			buildConfigurationList = D2A780B01FB59C1700BE7CE9 /* Build configuration list for PBXNativeTarget "HJRatingViewDemo" */;
			buildPhases = (
				D2A780801FB59C1600BE7CE9 /* Sources */,
				D2A780811FB59C1600BE7CE9 /* Frameworks */,
				D2A780821FB59C1600BE7CE9 /* Resources */,
			);
			buildRules = (
			);
			dependencies = (
			);
			name = HJRatingViewDemo;
			productName = HJRatingViewDemo;
			productReference = D2A780841FB59C1600BE7CE9 /* HJRatingViewDemo.app */;
			productType = "com.apple.product-type.application";
		};
		D2A7809B1FB59C1700BE7CE9 /* HJRatingViewDemoTests */ = {
			isa = PBXNativeTarget;
			buildConfigurationList = D2A780B31FB59C1700BE7CE9 /* Build configuration list for PBXNativeTarget "HJRatingViewDemoTests" */;
			buildPhases = (
				D2A780981FB59C1700BE7CE9 /* Sources */,
				D2A780991FB59C1700BE7CE9 /* Frameworks */,
				D2A7809A1FB59C1700BE7CE9 /* Resources */,
			);
			buildRules = (
			);
			dependencies = (
				D2A7809E1FB59C1700BE7CE9 /* PBXTargetDependency */,
			);
			name = HJRatingViewDemoTests;
			productName = HJRatingViewDemoTests;
			productReference = D2A7809C1FB59C1700BE7CE9 /* HJRatingViewDemoTests.xctest */;
			productType = "com.apple.product-type.bundle.unit-test";
		};
		D2A780A61FB59C1700BE7CE9 /* HJRatingViewDemoUITests */ = {
			isa = PBXNativeTarget;
			buildConfigurationList = D2A780B61FB59C1700BE7CE9 /* Build configuration list for PBXNativeTarget "HJRatingViewDemoUITests" */;
			buildPhases = (
				D2A780A31FB59C1700BE7CE9 /* Sources */,
				D2A780A41FB59C1700BE7CE9 /* Frameworks */,
				D2A780A51FB59C1700BE7CE9 /* Resources */,
			);
			buildRules = (
			);
			dependencies = (
				D2A780A91FB59C1700BE7CE9 /* PBXTargetDependency */,
			);
			name = HJRatingViewDemoUITests;
			productName = HJRatingViewDemoUITests;
			productReference = D2A780A71FB59C1700BE7CE9 /* HJRatingViewDemoUITests.xctest */;
			productType = "com.apple.product-type.bundle.ui-testing";
		};
/* End PBXNativeTarget section */

/* Begin PBXProject section */
		D2A7807C1FB59C1600BE7CE9 /* Project object */ = {
			isa = PBXProject;
			attributes = {
				LastUpgradeCheck = 0900;
				ORGANIZATIONNAME = WHJ;
				TargetAttributes = {
					D2A780831FB59C1600BE7CE9 = {
						CreatedOnToolsVersion = 9.0;
						ProvisioningStyle = Automatic;
					};
					D2A7809B1FB59C1700BE7CE9 = {
						CreatedOnToolsVersion = 9.0;
						ProvisioningStyle = Automatic;
						TestTargetID = D2A780831FB59C1600BE7CE9;
					};
					D2A780A61FB59C1700BE7CE9 = {
						CreatedOnToolsVersion = 9.0;
						ProvisioningStyle = Automatic;
						TestTargetID = D2A780831FB59C1600BE7CE9;
					};
				};
			};
			buildConfigurationList = D2A7807F1FB59C1600BE7CE9 /* Build configuration list for PBXProject "HJRatingViewDemo" */;
			compatibilityVersion = "Xcode 8.0";
			developmentRegion = en;
			hasScannedForEncodings = 0;
			knownRegions = (
				en,
				Base,
			);
			mainGroup = D2A7807B1FB59C1600BE7CE9;
			productRefGroup = D2A780851FB59C1600BE7CE9 /* Products */;
			projectDirPath = "";
			projectRoot = "";
			targets = (
				D2A780831FB59C1600BE7CE9 /* HJRatingViewDemo */,
				D2A7809B1FB59C1700BE7CE9 /* HJRatingViewDemoTests */,
				D2A780A61FB59C1700BE7CE9 /* HJRatingViewDemoUITests */,
			);
		};
/* End PBXProject section */

/* Begin PBXResourcesBuildPhase section */
		D2A780821FB59C1600BE7CE9 /* Resources */ = {
			isa = PBXResourcesBuildPhase;
			buildActionMask = 2147483647;
			files = (
				D2A780911FB59C1600BE7CE9 /* Assets.xcassets in Resources */,
				D24D93E31FE127DD00CAEB75 /* rating_gray@2x.png in Resources */,
				D24D93E21FE127DD00CAEB75 /* rating_yellow@2x.png in Resources */,
			);
			runOnlyForDeploymentPostprocessing = 0;
		};
		D2A7809A1FB59C1700BE7CE9 /* Resources */ = {
			isa = PBXResourcesBuildPhase;
			buildActionMask = 2147483647;
			files = (
			);
			runOnlyForDeploymentPostprocessing = 0;
		};
		D2A780A51FB59C1700BE7CE9 /* Resources */ = {
			isa = PBXResourcesBuildPhase;
			buildActionMask = 2147483647;
			files = (
			);
			runOnlyForDeploymentPostprocessing = 0;
		};
/* End PBXResourcesBuildPhase section */

/* Begin PBXSourcesBuildPhase section */
		D2A780801FB59C1600BE7CE9 /* Sources */ = {
			isa = PBXSourcesBuildPhase;
			buildActionMask = 2147483647;
			files = (
				D2A7808C1FB59C1600BE7CE9 /* ViewController.m in Sources */,
				D2A780971FB59C1600BE7CE9 /* main.m in Sources */,
				D2A780891FB59C1600BE7CE9 /* AppDelegate.m in Sources */,
				D2A780BC1FB59C7200BE7CE9 /* HJRatingView.m in Sources */,
			);
			runOnlyForDeploymentPostprocessing = 0;
		};
		D2A780981FB59C1700BE7CE9 /* Sources */ = {
			isa = PBXSourcesBuildPhase;
			buildActionMask = 2147483647;
			files = (
				D2A780A11FB59C1700BE7CE9 /* HJRatingViewDemoTests.m in Sources */,
			);
			runOnlyForDeploymentPostprocessing = 0;
		};
		D2A780A31FB59C1700BE7CE9 /* Sources */ = {
			isa = PBXSourcesBuildPhase;
			buildActionMask = 2147483647;
			files = (
				D2A780AC1FB59C1700BE7CE9 /* HJRatingViewDemoUITests.m in Sources */,
			);
			runOnlyForDeploymentPostprocessing = 0;
		};
/* End PBXSourcesBuildPhase section */

/* Begin PBXTargetDependency section */
		D2A7809E1FB59C1700BE7CE9 /* PBXTargetDependency */ = {
			isa = PBXTargetDependency;
			target = D2A780831FB59C1600BE7CE9 /* HJRatingViewDemo */;
			targetProxy = D2A7809D1FB59C1700BE7CE9 /* PBXContainerItemProxy */;
		};
		D2A780A91FB59C1700BE7CE9 /* PBXTargetDependency */ = {
			isa = PBXTargetDependency;
			target = D2A780831FB59C1600BE7CE9 /* HJRatingViewDemo */;
			targetProxy = D2A780A81FB59C1700BE7CE9 /* PBXContainerItemProxy */;
		};
/* End PBXTargetDependency section */

/* Begin XCBuildConfiguration section */
		D2A780AE1FB59C1700BE7CE9 /* Debug */ = {
			isa = XCBuildConfiguration;
			buildSettings = {
				ALWAYS_SEARCH_USER_PATHS = NO;
				CLANG_ANALYZER_NONNULL = YES;
				CLANG_ANALYZER_NUMBER_OBJECT_CONVERSION = YES_AGGRESSIVE;
				CLANG_CXX_LANGUAGE_STANDARD = "gnu++14";
				CLANG_CXX_LIBRARY = "libc++";
				CLANG_ENABLE_MODULES = YES;
				CLANG_ENABLE_OBJC_ARC = YES;
				CLANG_WARN_BLOCK_CAPTURE_AUTORELEASING = YES;
				CLANG_WARN_BOOL_CONVERSION = YES;
				CLANG_WARN_COMMA = YES;
				CLANG_WARN_CONSTANT_CONVERSION = YES;
				CLANG_WARN_DIRECT_OBJC_ISA_USAGE = YES_ERROR;
				CLANG_WARN_DOCUMENTATION_COMMENTS = YES;
				CLANG_WARN_EMPTY_BODY = YES;
				CLANG_WARN_ENUM_CONVERSION = YES;
				CLANG_WARN_INFINITE_RECURSION = YES;
				CLANG_WARN_INT_CONVERSION = YES;
				CLANG_WARN_NON_LITERAL_NULL_CONVERSION = YES;
				CLANG_WARN_OBJC_LITERAL_CONVERSION = YES;
				CLANG_WARN_OBJC_ROOT_CLASS = YES_ERROR;
				CLANG_WARN_RANGE_LOOP_ANALYSIS = YES;
				CLANG_WARN_STRICT_PROTOTYPES = YES;
				CLANG_WARN_SUSPICIOUS_MOVE = YES;
				CLANG_WARN_UNGUARDED_AVAILABILITY = YES_AGGRESSIVE;
				CLANG_WARN_UNREACHABLE_CODE = YES;
				CLANG_WARN__DUPLICATE_METHOD_MATCH = YES;
				CODE_SIGN_IDENTITY = "iPhone Developer";
				COPY_PHASE_STRIP = NO;
				DEBUG_INFORMATION_FORMAT = dwarf;
				ENABLE_STRICT_OBJC_MSGSEND = YES;
				ENABLE_TESTABILITY = YES;
				GCC_C_LANGUAGE_STANDARD = gnu11;
				GCC_DYNAMIC_NO_PIC = NO;
				GCC_NO_COMMON_BLOCKS = YES;
				GCC_OPTIMIZATION_LEVEL = 0;
				GCC_PREPROCESSOR_DEFINITIONS = (
					"DEBUG=1",
					"$(inherited)",
				);
				GCC_WARN_64_TO_32_BIT_CONVERSION = YES;
				GCC_WARN_ABOUT_RETURN_TYPE = YES_ERROR;
				GCC_WARN_UNDECLARED_SELECTOR = YES;
				GCC_WARN_UNINITIALIZED_AUTOS = YES_AGGRESSIVE;
				GCC_WARN_UNUSED_FUNCTION = YES;
				GCC_WARN_UNUSED_VARIABLE = YES;
				IPHONEOS_DEPLOYMENT_TARGET = 11.0;
				MTL_ENABLE_DEBUG_INFO = YES;
				ONLY_ACTIVE_ARCH = YES;
				SDKROOT = iphoneos;
			};
			name = Debug;
		};
		D2A780AF1FB59C1700BE7CE9 /* Release */ = {
			isa = XCBuildConfiguration;
			buildSettings = {
				ALWAYS_SEARCH_USER_PATHS = NO;
				CLANG_ANALYZER_NONNULL = YES;
				CLANG_ANALYZER_NUMBER_OBJECT_CONVERSION = YES_AGGRESSIVE;
				CLANG_CXX_LANGUAGE_STANDARD = "gnu++14";
				CLANG_CXX_LIBRARY = "libc++";
				CLANG_ENABLE_MODULES = YES;
				CLANG_ENABLE_OBJC_ARC = YES;
				CLANG_WARN_BLOCK_CAPTURE_AUTORELEASING = YES;
				CLANG_WARN_BOOL_CONVERSION = YES;
				CLANG_WARN_COMMA = YES;
				CLANG_WARN_CONSTANT_CONVERSION = YES;
				CLANG_WARN_DIRECT_OBJC_ISA_USAGE = YES_ERROR;
				CLANG_WARN_DOCUMENTATION_COMMENTS = YES;
				CLANG_WARN_EMPTY_BODY = YES;
				CLANG_WARN_ENUM_CONVERSION = YES;
				CLANG_WARN_INFINITE_RECURSION = YES;
				CLANG_WARN_INT_CONVERSION = YES;
				CLANG_WARN_NON_LITERAL_NULL_CONVERSION = YES;
				CLANG_WARN_OBJC_LITERAL_CONVERSION = YES;
				CLANG_WARN_OBJC_ROOT_CLASS = YES_ERROR;
				CLANG_WARN_RANGE_LOOP_ANALYSIS = YES;
				CLANG_WARN_STRICT_PROTOTYPES = YES;
				CLANG_WARN_SUSPICIOUS_MOVE = YES;
				CLANG_WARN_UNGUARDED_AVAILABILITY = YES_AGGRESSIVE;
				CLANG_WARN_UNREACHABLE_CODE = YES;
				CLANG_WARN__DUPLICATE_METHOD_MATCH = YES;
				CODE_SIGN_IDENTITY = "iPhone Developer";
				COPY_PHASE_STRIP = NO;
				DEBUG_INFORMATION_FORMAT = "dwarf-with-dsym";
				ENABLE_NS_ASSERTIONS = NO;
				ENABLE_STRICT_OBJC_MSGSEND = YES;
				GCC_C_LANGUAGE_STANDARD = gnu11;
				GCC_NO_COMMON_BLOCKS = YES;
				GCC_WARN_64_TO_32_BIT_CONVERSION = YES;
				GCC_WARN_ABOUT_RETURN_TYPE = YES_ERROR;
				GCC_WARN_UNDECLARED_SELECTOR = YES;
				GCC_WARN_UNINITIALIZED_AUTOS = YES_AGGRESSIVE;
				GCC_WARN_UNUSED_FUNCTION = YES;
				GCC_WARN_UNUSED_VARIABLE = YES;
				IPHONEOS_DEPLOYMENT_TARGET = 11.0;
				MTL_ENABLE_DEBUG_INFO = NO;
				SDKROOT = iphoneos;
				VALIDATE_PRODUCT = YES;
			};
			name = Release;
		};
		D2A780B11FB59C1700BE7CE9 /* Debug */ = {
			isa = XCBuildConfiguration;
			buildSettings = {
				ASSETCATALOG_COMPILER_APPICON_NAME = AppIcon;
				CODE_SIGN_STYLE = Automatic;
				DEVELOPMENT_TEAM = 7BY6XUZ4WR;
				INFOPLIST_FILE = HJRatingViewDemo/Info.plist;
				IPHONEOS_DEPLOYMENT_TARGET = 8.0;
				LD_RUNPATH_SEARCH_PATHS = "$(inherited) @executable_path/Frameworks";
				PRODUCT_BUNDLE_IDENTIFIER = com.psl.whj.HJRatingViewDemo;
				PRODUCT_NAME = "$(TARGET_NAME)";
				TARGETED_DEVICE_FAMILY = 1;
			};
			name = Debug;
		};
		D2A780B21FB59C1700BE7CE9 /* Release */ = {
			isa = XCBuildConfiguration;
			buildSettings = {
				ASSETCATALOG_COMPILER_APPICON_NAME = AppIcon;
				CODE_SIGN_STYLE = Automatic;
				DEVELOPMENT_TEAM = 7BY6XUZ4WR;
				INFOPLIST_FILE = HJRatingViewDemo/Info.plist;
				IPHONEOS_DEPLOYMENT_TARGET = 8.0;
				LD_RUNPATH_SEARCH_PATHS = "$(inherited) @executable_path/Frameworks";
				PRODUCT_BUNDLE_IDENTIFIER = com.psl.whj.HJRatingViewDemo;
				PRODUCT_NAME = "$(TARGET_NAME)";
				TARGETED_DEVICE_FAMILY = 1;
			};
			name = Release;
		};
		D2A780B41FB59C1700BE7CE9 /* Debug */ = {
			isa = XCBuildConfiguration;
			buildSettings = {
				BUNDLE_LOADER = "$(TEST_HOST)";
				CODE_SIGN_STYLE = Automatic;
				DEVELOPMENT_TEAM = 2PZMTS6D3B;
				INFOPLIST_FILE = HJRatingViewDemoTests/Info.plist;
				LD_RUNPATH_SEARCH_PATHS = "$(inherited) @executable_path/Frameworks @loader_path/Frameworks";
				PRODUCT_BUNDLE_IDENTIFIER = com.psl.whj.HJRatingViewDemoTests;
				PRODUCT_NAME = "$(TARGET_NAME)";
				TARGETED_DEVICE_FAMILY = "1,2";
				TEST_HOST = "$(BUILT_PRODUCTS_DIR)/HJRatingViewDemo.app/HJRatingViewDemo";
			};
			name = Debug;
		};
		D2A780B51FB59C1700BE7CE9 /* Release */ = {
			isa = XCBuildConfiguration;
			buildSettings = {
				BUNDLE_LOADER = "$(TEST_HOST)";
				CODE_SIGN_STYLE = Automatic;
				DEVELOPMENT_TEAM = 2PZMTS6D3B;
				INFOPLIST_FILE = HJRatingViewDemoTests/Info.plist;
				LD_RUNPATH_SEARCH_PATHS = "$(inherited) @executable_path/Frameworks @loader_path/Frameworks";
				PRODUCT_BUNDLE_IDENTIFIER = com.psl.whj.HJRatingViewDemoTests;
				PRODUCT_NAME = "$(TARGET_NAME)";
				TARGETED_DEVICE_FAMILY = "1,2";
				TEST_HOST = "$(BUILT_PRODUCTS_DIR)/HJRatingViewDemo.app/HJRatingViewDemo";
			};
			name = Release;
		};
		D2A780B71FB59C1700BE7CE9 /* Debug */ = {
			isa = XCBuildConfiguration;
			buildSettings = {
				CODE_SIGN_STYLE = Automatic;
				DEVELOPMENT_TEAM = 2PZMTS6D3B;
				INFOPLIST_FILE = HJRatingViewDemoUITests/Info.plist;
				LD_RUNPATH_SEARCH_PATHS = "$(inherited) @executable_path/Frameworks @loader_path/Frameworks";
				PRODUCT_BUNDLE_IDENTIFIER = com.psl.whj.HJRatingViewDemoUITests;
				PRODUCT_NAME = "$(TARGET_NAME)";
				TARGETED_DEVICE_FAMILY = "1,2";
				TEST_TARGET_NAME = HJRatingViewDemo;
			};
			name = Debug;
		};
		D2A780B81FB59C1700BE7CE9 /* Release */ = {
			isa = XCBuildConfiguration;
			buildSettings = {
				CODE_SIGN_STYLE = Automatic;
				DEVELOPMENT_TEAM = 2PZMTS6D3B;
				INFOPLIST_FILE = HJRatingViewDemoUITests/Info.plist;
				LD_RUNPATH_SEARCH_PATHS = "$(inherited) @executable_path/Frameworks @loader_path/Frameworks";
				PRODUCT_BUNDLE_IDENTIFIER = com.psl.whj.HJRatingViewDemoUITests;
				PRODUCT_NAME = "$(TARGET_NAME)";
				TARGETED_DEVICE_FAMILY = "1,2";
				TEST_TARGET_NAME = HJRatingViewDemo;
			};
			name = Release;
		};
/* End XCBuildConfiguration section */

/* Begin XCConfigurationList section */
		D2A7807F1FB59C1600BE7CE9 /* Build configuration list for PBXProject "HJRatingViewDemo" */ = {
			isa = XCConfigurationList;
			buildConfigurations = (
				D2A780AE1FB59C1700BE7CE9 /* Debug */,
				D2A780AF1FB59C1700BE7CE9 /* Release */,
			);
			defaultConfigurationIsVisible = 0;
			defaultConfigurationName = Release;
		};
		D2A780B01FB59C1700BE7CE9 /* Build configuration list for PBXNativeTarget "HJRatingViewDemo" */ = {
			isa = XCConfigurationList;
			buildConfigurations = (
				D2A780B11FB59C1700BE7CE9 /* Debug */,
				D2A780B21FB59C1700BE7CE9 /* Release */,
			);
			defaultConfigurationIsVisible = 0;
			defaultConfigurationName = Release;
		};
		D2A780B31FB59C1700BE7CE9 /* Build configuration list for PBXNativeTarget "HJRatingViewDemoTests" */ = {
			isa = XCConfigurationList;
			buildConfigurations = (
				D2A780B41FB59C1700BE7CE9 /* Debug */,
				D2A780B51FB59C1700BE7CE9 /* Release */,
			);
			defaultConfigurationIsVisible = 0;
			defaultConfigurationName = Release;
		};
		D2A780B61FB59C1700BE7CE9 /* Build configuration list for PBXNativeTarget "HJRatingViewDemoUITests" */ = {
			isa = XCConfigurationList;
			buildConfigurations = (
				D2A780B71FB59C1700BE7CE9 /* Debug */,
				D2A780B81FB59C1700BE7CE9 /* Release */,
			);
			defaultConfigurationIsVisible = 0;
			defaultConfigurationName = Release;
		};
/* End XCConfigurationList section */
	};
	rootObject = D2A7807C1FB59C1600BE7CE9 /* Project object */;
}
